
Microsoft Visual Studio Solution File, Format Version 12.00
# Visual Studio Version 17
VisualStudioVersion = 17.1.32328.378
MinimumVisualStudioVersion = 10.0.40219.1
Project("{FAE04EC0-301F-11D3-BF4B-00C04F79EFBC}") = "WindowsFormsApp1", "WindowsFormsApp1\WindowsFormsApp1.csproj", "{D83979CD-79B6-46AD-9038-AD8894519054}"
EndProject
Global
	GlobalSection(SolutionConfigurationPlatforms) = preSolution
		Debug|Any CPU = Debug|Any CPU
		Release|Any CPU = Release|Any CPU
	EndGlobalSection
	GlobalSection(ProjectConfigurationPlatforms) = postSolution
		{D83979CD-79B6-46AD-9038-AD8894519054}.Debug|Any CPU.ActiveCfg = Debug|Any CPU
		{D83979CD-79B6-46AD-9038-AD8894519054}.Debug|Any CPU.Build.0 = Debug|Any CPU
		{D83979CD-79B6-46AD-9038-AD8894519054}.Release|Any CPU.ActiveCfg = Release|Any CPU
		{D83979CD-79B6-46AD-9038-AD8894519054}.Release|Any CPU.Build.0 = Release|Any CPU
	EndGlobalSection
	GlobalSection(SolutionProperties) = preSolution
		HideSolutionNode = FALSE
	EndGlobalSection
	GlobalSection(ExtensibilityGlobals) = postSolution
		SolutionGuid = {1D569D95-0AFB-4B46-9475-696C91D579A6}
	EndGlobalSection
EndGlobal
